
Microsoft Visual Studio Solution File, Format Version 12.00
# Visual Studio Express 2013 for Windows Desktop
VisualStudioVersion = 12.0.40629.0
MinimumVisualStudioVersion = 10.0.40219.1
Project("{FAE04EC0-301F-11D3-BF4B-00C04F79EFBC}") = "__hb_wpf_71", "__hb_wpf_71\__hb_wpf_71.csproj", "{406522A8-CC85-4CED-8D60-8D9CA31E86FB}"
EndProject
Global
	GlobalSection(SolutionConfigurationPlatforms) = preSolution
		Debug|Any CPU = Debug|Any CPU
		Release|Any CPU = Release|Any CPU
	EndGlobalSection
	GlobalSection(ProjectConfigurationPlatforms) = postSolution
		{406522A8-CC85-4CED-8D60-8D9CA31E86FB}.Debug|Any CPU.ActiveCfg = Debug|Any CPU
		{406522A8-CC85-4CED-8D60-8D9CA31E86FB}.Debug|Any CPU.Build.0 = Debug|Any CPU
		{406522A8-CC85-4CED-8D60-8D9CA31E86FB}.Release|Any CPU.ActiveCfg = Release|Any CPU
		{406522A8-CC85-4CED-8D60-8D9CA31E86FB}.Release|Any CPU.Build.0 = Release|Any CPU
	EndGlobalSection
	GlobalSection(SolutionProperties) = preSolution
		HideSolutionNode = FALSE
	EndGlobalSection
EndGlobal
